
Microsoft Visual Studio Solution File, Format Version 12.00
# Visual Studio 14
VisualStudioVersion = 14.0.24720.0
MinimumVisualStudioVersion = 10.0.40219.1
Project("{2150E333-8FDC-42A3-9474-1A3956D46DE8}") = "src", "src", "{35CB6A66-FED9-41D8-B02B-448154855DFB}"
EndProject
Project("{2150E333-8FDC-42A3-9474-1A3956D46DE8}") = "Solution Items", "Solution Items", "{93EA72EC-F431-43E8-8ECF-5A8854BD61AF}"
	ProjectSection(SolutionItems) = preProject
		global.json = global.json
	EndProjectSection
EndProject
Project("{8BB2217D-0F2D-49D1-97BC-3654ED321F3B}") = "BlockWars.GameState.Api", "src\BlockWars.GameState.Api\BlockWars.GameState.Api.xproj", "{D5EA53FA-D8C5-4B54-92F6-C9F2EB86A57B}"
EndProject
Project("{8BB2217D-0F2D-49D1-97BC-3654ED321F3B}") = "BlockWars.GameState.Api.Unit.Tests", "src\BlockWars.GameState.Api.Unit.Tests\BlockWars.GameState.Api.Unit.Tests.xproj", "{3D538E28-EF85-4E99-A9E3-48192E37BC3B}"
EndProject
Project("{8BB2217D-0F2D-49D1-97BC-3654ED321F3B}") = "BlockWars.GameState.Models", "src\BlockWars.GameState.Models\BlockWars.GameState.Models.xproj", "{4B227595-C0AB-4549-9980-1AA6D20DE84F}"
EndProject
Project("{8BB2217D-0F2D-49D1-97BC-3654ED321F3B}") = "BlockWars.GameState.Client", "src\BlockWars.GameState.Client\BlockWars.GameState.Client.xproj", "{785BA630-1A60-460E-8417-E8AB8B712791}"
EndProject
Global
	GlobalSection(SolutionConfigurationPlatforms) = preSolution
		Debug|Any CPU = Debug|Any CPU
		Release|Any CPU = Release|Any CPU
	EndGlobalSection
	GlobalSection(ProjectConfigurationPlatforms) = postSolution
		{D5EA53FA-D8C5-4B54-92F6-C9F2EB86A57B}.Debug|Any CPU.ActiveCfg = Debug|Any CPU
		{D5EA53FA-D8C5-4B54-92F6-C9F2EB86A57B}.Debug|Any CPU.Build.0 = Debug|Any CPU
		{D5EA53FA-D8C5-4B54-92F6-C9F2EB86A57B}.Release|Any CPU.ActiveCfg = Release|Any CPU
		{D5EA53FA-D8C5-4B54-92F6-C9F2EB86A57B}.Release|Any CPU.Build.0 = Release|Any CPU
		{3D538E28-EF85-4E99-A9E3-48192E37BC3B}.Debug|Any CPU.ActiveCfg = Debug|Any CPU
		{3D538E28-EF85-4E99-A9E3-48192E37BC3B}.Debug|Any CPU.Build.0 = Debug|Any CPU
		{3D538E28-EF85-4E99-A9E3-48192E37BC3B}.Release|Any CPU.ActiveCfg = Release|Any CPU
		{3D538E28-EF85-4E99-A9E3-48192E37BC3B}.Release|Any CPU.Build.0 = Release|Any CPU
		{4B227595-C0AB-4549-9980-1AA6D20DE84F}.Debug|Any CPU.ActiveCfg = Debug|Any CPU
		{4B227595-C0AB-4549-9980-1AA6D20DE84F}.Debug|Any CPU.Build.0 = Debug|Any CPU
		{4B227595-C0AB-4549-9980-1AA6D20DE84F}.Release|Any CPU.ActiveCfg = Release|Any CPU
		{4B227595-C0AB-4549-9980-1AA6D20DE84F}.Release|Any CPU.Build.0 = Release|Any CPU
		{785BA630-1A60-460E-8417-E8AB8B712791}.Debug|Any CPU.ActiveCfg = Debug|Any CPU
		{785BA630-1A60-460E-8417-E8AB8B712791}.Debug|Any CPU.Build.0 = Debug|Any CPU
		{785BA630-1A60-460E-8417-E8AB8B712791}.Release|Any CPU.ActiveCfg = Release|Any CPU
		{785BA630-1A60-460E-8417-E8AB8B712791}.Release|Any CPU.Build.0 = Release|Any CPU
	EndGlobalSection
	GlobalSection(SolutionProperties) = preSolution
		HideSolutionNode = FALSE
	EndGlobalSection
	GlobalSection(NestedProjects) = preSolution
		{D5EA53FA-D8C5-4B54-92F6-C9F2EB86A57B} = {35CB6A66-FED9-41D8-B02B-448154855DFB}
		{3D538E28-EF85-4E99-A9E3-48192E37BC3B} = {35CB6A66-FED9-41D8-B02B-448154855DFB}
		{4B227595-C0AB-4549-9980-1AA6D20DE84F} = {35CB6A66-FED9-41D8-B02B-448154855DFB}
		{785BA630-1A60-460E-8417-E8AB8B712791} = {35CB6A66-FED9-41D8-B02B-448154855DFB}
	EndGlobalSection
EndGlobal
